{
  "nodes": {
    "acid-boot": {
      "inputs": {
        "nixpkgs": [
          "nixpkgs"
        ]
      },
      "locked": {
        "lastModified": 1789346790,
        "narHash": "sha256-hGoqVBwqcWnN5koeq+J6kg0rdiL9m867SWQIIh3j0YQ=",
        "owner": "kurisu-agent",
        "repo": "nix-acid-boot",
        "rev": "995287bd6cee8b5a01d8ea29c0a428af6ad066bf",
        "type": "github"
      },
      "original": {
        "owner": "kurisu-agent",
        "repo": "nix-acid-boot",
        "type": "github"
      }
    },
    "base46": {
      "flake": false,
      "locked": {
        "lastModified": 1784785285,
        "narHash": "sha256-kwDMC6rYzJYECmGnwn8JiAbffUq7hAXcUH6gPSkk2uI=",
        "owner": "AvengeMedia",
        "repo": "base46",
        "rev": "83522e02c6c3b4ea901c4bffd9e0a5e0371c1fe6",
        "type": "github"
      },
      "original": {
        "owner": "AvengeMedia",
        "repo": "base46",
        "type": "github"
      }
    },
    "codex-desktop-linux": {
      "inputs": {
        "flake-utils": "flake-utils",
        "nixpkgs": "nixpkgs"
      },
      "locked": {
        "lastModified": 1789909650,
        "narHash": "sha256-vvgXKa/f3phiRF1vuMDzKT+qwWkEN+BK4fx5hiDHfGI=",
        "owner": "ilysenko",
        "repo": "codex-desktop-linux",
        "rev": "49d5bc1c38aba9d25c1c798c1fffad8918390ae1",
        "type": "github"
      },
      "original": {
        "owner": "ilysenko",
        "repo": "codex-desktop-linux",
        "type": "github"
      }
    },
    "dank-qml-common": {
      "flake": false,
      "locked": {
        "lastModified": 1789851922,
        "narHash": "sha256-0+ix8DGpRVi4tcsu7u3XA+aw5gUXRZZbGxVu5ZgOWgo=",
        "owner": "AvengeMedia",
        "repo": "dank-qml-common",
        "rev": "6f75d9065b2ff708eb1e91eec30ec5008d1ce3ee",
        "type": "github"
      },
      "original": {
        "owner": "AvengeMedia",
        "repo": "dank-qml-common",
        "type": "github"
      }
    },
    "dank-qml-common_2": {
      "flake": false,
      "locked": {
        "lastModified": 1788376015,
        "narHash": "sha256-/tT8rTznLADndTwLBzdgzzgfJH1ZhYQibYo5v/F8U+U=",
        "owner": "AvengeMedia",
        "repo": "dank-qml-common",
        "rev": "26396ce432d6c71c3f5367438f96f4a8d667e160",
        "type": "github"
      },
      "original": {
        "owner": "AvengeMedia",
        "repo": "dank-qml-common",
        "type": "github"
      }
    },
    "dankcalendar": {
      "inputs": {
        "dank-qml-common": "dank-qml-common",
        "nixpkgs": [
          "nixpkgs"
        ]
      },
      "locked": {
        "lastModified": 1789852039,
        "narHash": "sha256-2mxJUk8P94qnGLMcK0tcE15tDIOPaIyHTrYOHCooSu4=",
        "owner": "AvengeMedia",
        "repo": "dankcalendar",
        "rev": "c9fa860e4fc8d95f24eefce828c8b7efd5a5d112",
        "type": "github"
      },
      "original": {
        "owner": "AvengeMedia",
        "repo": "dankcalendar",
        "type": "github"
      }
    },
    "dms": {
      "inputs": {
        "dank-qml-common": "dank-qml-common_2",
        "flake-compat": "flake-compat",
        "nixpkgs": [
          "nixpkgs"
        ]
      },
      "locked": {
        "lastModified": 1789657660,
        "narHash": "sha256-NPYX33iiXo6aBwh7umfJzeZQBedupOG7pk5z171ID3s=",
        "owner": "AvengeMedia",
        "repo": "DankMaterialShell",
        "rev": "2db7646fe3ab47fddfdb8723f2da07d61a0d47ac",
        "type": "github"
      },
      "original": {
        "owner": "AvengeMedia",
        "ref": "v1.6.2",
        "repo": "DankMaterialShell",
        "type": "github"
      }
    },
    "dms-plugin-registry": {
      "inputs": {
        "nixpkgs": [
          "nixpkgs"
        ]
      },
      "locked": {
        "lastModified": 1790563210,
        "narHash": "sha256-iYXRvNBf1sOA7hDwGM3mB1sk2FaX0RlnlUUOW7kbc1U=",
        "owner": "AvengeMedia",
        "repo": "dms-plugin-registry",
        "rev": "90ddfd245f2554aab70c4dcdb69209c714e6ac7b",
        "type": "github"
      },
      "original": {
        "owner": "AvengeMedia",
        "repo": "dms-plugin-registry",
        "type": "github"
      }
    },
    "flake-compat": {
      "flake": false,
      "locked": {
        "lastModified": 1767039857,
        "narHash": "sha256-vNpUSpF5Nuw8xvDLj2KCwwksIbjua2LZCqhV1LNRDns=",
        "owner": "NixOS",
        "repo": "flake-compat",
        "rev": "5edf11c44bc78a0d334f6334cdaf7d60d732daab",
        "type": "github"
      },
      "original": {
        "owner": "NixOS",
        "repo": "flake-compat",
        "type": "github"
      }
    },
    "flake-utils": {
      "inputs": {
        "systems": "systems"
      },
      "locked": {
        "lastModified": 1731533236,
        "narHash": "sha256-l0KFg5HjrsfsO/JpG+r7fRrqm12kzFHyUHqHCVpMMbI=",
        "owner": "numtide",
        "repo": "flake-utils",
        "rev": "11707dc2f618dd54ca8739b309ec4fc024de578b",
        "type": "github"
      },
      "original": {
        "owner": "numtide",
        "repo": "flake-utils",
        "type": "github"
      }
    },
    "flake-utils_2": {
      "inputs": {
        "systems": "systems_2"
      },
      "locked": {
        "lastModified": 1731533236,
        "narHash": "sha256-l0KFg5HjrsfsO/JpG+r7fRrqm12kzFHyUHqHCVpMMbI=",
        "owner": "numtide",
        "repo": "flake-utils",
        "rev": "11707dc2f618dd54ca8739b309ec4fc024de578b",
        "type": "github"
      },
      "original": {
        "owner": "numtide",
        "repo": "flake-utils",
        "type": "github"
      }
    },
    "helium-browser": {
      "inputs": {
        "nixpkgs": [
          "nixpkgs"
        ]
      },
      "locked": {
        "lastModified": 1790867198,
        "narHash": "sha256-rFhx3cPykTUPDRV5Fm8Ag9QnLSKXRLCCoVM6brCHx04=",
        "owner": "oxcl",
        "repo": "nix-flake-helium-browser",
        "rev": "4b3125382e27115791d1f66537ed36b8648429dc",
        "type": "github"
      },
      "original": {
        "owner": "oxcl",
        "repo": "nix-flake-helium-browser",
        "type": "github"
      }
    },
    "home-manager": {
      "inputs": {
        "nixpkgs": [
          "nixpkgs"
        ]
      },
      "locked": {
        "lastModified": 1790021793,
        "narHash": "sha256-wXAdaLBAjbQK/OfESV/i0pgolkz+Uo4SbBP/MbfGLHU=",
        "owner": "nix-community",
        "repo": "home-manager",
        "rev": "a3dfb887d40d134af29fa8e924ba85a3e3a99194",
        "type": "github"
      },
      "original": {
        "owner": "nix-community",
        "repo": "home-manager",
        "type": "github"
      }
    },
    "nix-flatpak": {
      "locked": {
        "lastModified": 1767983141,
        "narHash": "sha256-7ZCulYUD9RmJIDULTRkGLSW1faMpDlPKcbWJLYHoXcs=",
        "owner": "gmodena",
        "repo": "nix-flatpak",
        "rev": "440818969ac2cbd77bfe025e884d0aa528991374",
        "type": "github"
      },
      "original": {
        "owner": "gmodena",
        "ref": "latest",
        "repo": "nix-flatpak",
        "type": "github"
      }
    },
    "nixpkgs": {
      "locked": {
        "lastModified": 1772773019,
        "narHash": "sha256-E1bxHxNKfDoQUuvriG71+f+s/NT0qWkImXsYZNFFfCs=",
        "owner": "NixOS",
        "repo": "nixpkgs",
        "rev": "aca4d95fce4914b3892661bcb80b8087293536c6",
        "type": "github"
      },
      "original": {
        "owner": "NixOS",
        "ref": "nixos-unstable",
        "repo": "nixpkgs",
        "type": "github"
      }
    },
    "nixpkgs_2": {
      "locked": {
        "lastModified": 1790578696,
        "narHash": "sha256-ZoxIApko70jCdbH3l20HWXOBaT2HZd87orzd2yJ9dVE=",
        "owner": "NixOS",
        "repo": "nixpkgs",
        "rev": "7a0f122f5090cf4c2ade2a13a0e229d4e19ba71f",
        "type": "github"
      },
      "original": {
        "owner": "NixOS",
        "ref": "nixos-unstable",
        "repo": "nixpkgs",
        "type": "github"
      }
    },
    "root": {
      "inputs": {
        "acid-boot": "acid-boot",
        "base46": "base46",
        "codex-desktop-linux": "codex-desktop-linux",
        "dankcalendar": "dankcalendar",
        "dms": "dms",
        "dms-plugin-registry": "dms-plugin-registry",
        "helium-browser": "helium-browser",
        "home-manager": "home-manager",
        "nix-flatpak": "nix-flatpak",
        "nixpkgs": "nixpkgs_2",
        "ytm-player": "ytm-player",
        "zapfast": "zapfast",
        "zen-browser": "zen-browser"
      }
    },
    "rust-overlay": {
      "inputs": {
        "nixpkgs": [
          "zapfast",
          "nixpkgs"
        ]
      },
      "locked": {
        "lastModified": 1789977098,
        "narHash": "sha256-fKY4BedarKx4aR0+UOHk65hhDW8pxFytFkaUi0VYDYk=",
        "owner": "oxalica",
        "repo": "rust-overlay",
        "rev": "2776e42828203ec89511699c8dcdedec69ab98e1",
        "type": "github"
      },
      "original": {
        "owner": "oxalica",
        "repo": "rust-overlay",
        "type": "github"
      }
    },
    "systems": {
      "locked": {
        "lastModified": 1681028828,
        "narHash": "sha256-Vy1rq5AaRuLzOxct8nz4T6wlgyUR7zLU309k9mBC768=",
        "owner": "nix-systems",
        "repo": "default",
        "rev": "da67096a3b9bf56a91d16901293e51ba5b49a27e",
        "type": "github"
      },
      "original": {
        "owner": "nix-systems",
        "repo": "default",
        "type": "github"
      }
    },
    "systems_2": {
      "locked": {
        "lastModified": 1681028828,
        "narHash": "sha256-Vy1rq5AaRuLzOxct8nz4T6wlgyUR7zLU309k9mBC768=",
        "owner": "nix-systems",
        "repo": "default",
        "rev": "da67096a3b9bf56a91d16901293e51ba5b49a27e",
        "type": "github"
      },
      "original": {
        "owner": "nix-systems",
        "repo": "default",
        "type": "github"
      }
    },
    "ytm-player": {
      "inputs": {
        "flake-utils": "flake-utils_2",
        "nixpkgs": [
          "nixpkgs"
        ]
      },
      "locked": {
        "lastModified": 1788849233,
        "narHash": "sha256-/oP9JFQkbDtRJ+1GIoYQgcrMO07wokBOYaf9HKqVs5c=",
        "owner": "peternaame-boop",
        "repo": "ytm-player",
        "rev": "45af0220d4b1d2752568f2636191320cd9ea1ed7",
        "type": "github"
      },
      "original": {
        "owner": "peternaame-boop",
        "repo": "ytm-player",
        "type": "github"
      }
    },
    "zapfast": {
      "inputs": {
        "nixpkgs": [
          "nixpkgs"
        ],
        "rust-overlay": "rust-overlay"
      },
      "locked": {
        "lastModified": 1790700859,
        "narHash": "sha256-4BWTOf6RplqdnXV54xCqyJjlRXRw0Qt/PHmp/jbP3rY=",
        "owner": "crmne",
        "repo": "zapfast",
        "rev": "99adc7e06f1a2f4a0790dd2fe2fd4b136a6edb77",
        "type": "github"
      },
      "original": {
        "owner": "crmne",
        "repo": "zapfast",
        "type": "github"
      }
    },
    "zen-browser": {
      "inputs": {
        "nixpkgs": [
          "nixpkgs"
        ]
      },
      "locked": {
        "lastModified": 1789636270,
        "narHash": "sha256-sexm8hHHB2jOB/G70czjQxdxeX68zID6G1BomFIGI+w=",
        "owner": "youwen5",
        "repo": "zen-browser-flake",
        "rev": "9c1767f705262bf08498877fd1053b6a6db12a9f",
        "type": "github"
      },
      "original": {
        "owner": "youwen5",
        "repo": "zen-browser-flake",
        "type": "github"
      }
    }
  },
  "root": "root",
  "version": 7
}
